
Microsoft Visual Studio Solution File, Format Version 12.00
# Visual Studio Version 17
VisualStudioVersion = 17.14.36623.8 d17.14
MinimumVisualStudioVersion = 10.0.40219.1
Project("{FAE04EC0-301F-11D3-BF4B-00C04F79EFBC}") = "MinerUSharp", "MinerUSharp\MinerUSharp.csproj", "{35C4B351-5B6B-469E-B6CB-87E4A8AB38EE}"
EndProject
Project("{FAE04EC0-301F-11D3-BF4B-00C04F79EFBC}") = "MinerUSharp.Tests", "MinerUSharp.Tests\MinerUSharp.Tests.csproj", "{0DB58D81-F4F6-4E5E-83E8-069D800F2674}"
EndProject
Global
	GlobalSection(SolutionConfigurationPlatforms) = preSolution
		Debug|Any CPU = Debug|Any CPU
		Release|Any CPU = Release|Any CPU
	EndGlobalSection
	GlobalSection(ProjectConfigurationPlatforms) = postSolution
		{35C4B351-5B6B-469E-B6CB-87E4A8AB38EE}.Debug|Any CPU.ActiveCfg = Debug|Any CPU
		{35C4B351-5B6B-469E-B6CB-87E4A8AB38EE}.Debug|Any CPU.Build.0 = Debug|Any CPU
		{35C4B351-5B6B-469E-B6CB-87E4A8AB38EE}.Release|Any CPU.ActiveCfg = Release|Any CPU
		{35C4B351-5B6B-469E-B6CB-87E4A8AB38EE}.Release|Any CPU.Build.0 = Release|Any CPU
		{0DB58D81-F4F6-4E5E-83E8-069D800F2674}.Debug|Any CPU.ActiveCfg = Debug|Any CPU
		{0DB58D81-F4F6-4E5E-83E8-069D800F2674}.Debug|Any CPU.Build.0 = Debug|Any CPU
		{0DB58D81-F4F6-4E5E-83E8-069D800F2674}.Release|Any CPU.ActiveCfg = Release|Any CPU
		{0DB58D81-F4F6-4E5E-83E8-069D800F2674}.Release|Any CPU.Build.0 = Release|Any CPU
	EndGlobalSection
	GlobalSection(SolutionProperties) = preSolution
		HideSolutionNode = FALSE
	EndGlobalSection
	GlobalSection(ExtensibilityGlobals) = postSolution
		SolutionGuid = {D392B595-90F5-4753-90C5-6F77D18A7086}
	EndGlobalSection
EndGlobal
